<?xml version="1.0" encoding="utf-8"?>
<Project ToolsVersion="4.0" xmlns="http://schemas.microsoft.com/developer/msbuild/2003">
  <ItemGroup>
    <Filter Include="maniac">
      <UniqueIdentifier>{45d6fccd-46d8-4d0c-8e9c-59bde0f3fa56}</UniqueIdentifier>
    </Filter>
    <Filter Include="transform">
      <UniqueIdentifier>{0e8f55d4-ac57-4cb7-97f6-35914f60c803}</UniqueIdentifier>
    </Filter>
    <Filter Include="image">
      <UniqueIdentifier>{e7722c4e-9787-4ac4-b175-b2505df06706}</UniqueIdentifier>
    </Filter>
    <Filter Include="library">
      <UniqueIdentifier>{6be9adf2-782a-493e-ad12-3955c989587e}</UniqueIdentifier>
    </Filter>
    <Filter Include="extern">
      <UniqueIdentifier>{5aa93bd9-1709-4937-a867-7a5169a68230}</UniqueIdentifier>
    </Filter>
  </ItemGroup>
  <ItemGroup>
    <ClInclude Include="..\FLIF\src\compiler-specific.hpp" />
    <ClInclude Include="..\FLIF\src\config.h" />
    <ClInclude Include="..\FLIF\src\fileio.hpp" />
    <ClInclude Include="..\FLIF\src\flif_config.h" />
    <ClInclude Include="..\FLIF\src\flif-dec.hpp" />
    <ClInclude Include="..\FLIF\src\flif-enc.hpp" />
    <ClInclude Include="..\FLIF\src\io.hpp" />
    <ClInclude Include="..\FLIF\src\common.hpp" />
    <ClInclude Include="..\FLIF\src\transform\framedup.hpp">
      <Filter>transform</Filter>
    </ClInclude>
    <ClInclude Include="..\FLIF\src\transform\frameshape.hpp">
      <Filter>transform</Filter>
    </ClInclude>
    <ClInclude Include="..\FLIF\src\transform\palette.hpp">
      <Filter>transform</Filter>
    </ClInclude>
    <ClInclude Include="..\FLIF\src\transform\palette_A.hpp">
      <Filter>transform</Filter>
    </ClInclude>
    <ClInclude Include="..\FLIF\src\transform\palette_C.hpp">
      <Filter>transform</Filter>
    </ClInclude>
    <ClInclude Include="..\FLIF\src\transform\permute.hpp">
      <Filter>transform</Filter>
    </ClInclude>
    <ClInclude Include="..\FLIF\src\transform\transform.hpp">
      <Filter>transform</Filter>
    </ClInclude>
    <ClInclude Include="..\FLIF\src\transform\yc1c2.hpp">
      <Filter>transform</Filter>
    </ClInclude>
    <ClInclude Include="..\FLIF\src\transform\ycocg.hpp">
      <Filter>transform</Filter>
    </ClInclude>
    <ClInclude Include="..\FLIF\src\transform\bounds.hpp">
      <Filter>transform</Filter>
    </ClInclude>
    <ClInclude Include="..\FLIF\src\transform\colorbuckets.hpp">
      <Filter>transform</Filter>
    </ClInclude>
    <ClInclude Include="..\FLIF\src\transform\factory.hpp">
      <Filter>transform</Filter>
    </ClInclude>
    <ClInclude Include="..\FLIF\src\transform\framecombine.hpp">
      <Filter>transform</Filter>
    </ClInclude>
    <ClInclude Include="..\FLIF\src\maniac\compound.hpp">
      <Filter>maniac</Filter>
    </ClInclude>
    <ClInclude Include="..\FLIF\src\maniac\compound_enc.hpp">
      <Filter>maniac</Filter>
    </ClInclude>
    <ClInclude Include="..\FLIF\src\maniac\rac.hpp">
      <Filter>maniac</Filter>
    </ClInclude>
    <ClInclude Include="..\FLIF\src\maniac\rac_enc.hpp">
      <Filter>maniac</Filter>
    </ClInclude>
    <ClInclude Include="..\FLIF\src\maniac\symbol.hpp">
      <Filter>maniac</Filter>
    </ClInclude>
    <ClInclude Include="..\FLIF\src\maniac\symbol_enc.hpp">
      <Filter>maniac</Filter>
    </ClInclude>
    <ClInclude Include="..\FLIF\src\maniac\util.hpp">
      <Filter>maniac</Filter>
    </ClInclude>
    <ClInclude Include="..\FLIF\src\maniac\bit.hpp">
      <Filter>maniac</Filter>
    </ClInclude>
    <ClInclude Include="..\FLIF\src\maniac\chance.hpp">
      <Filter>maniac</Filter>
    </ClInclude>
    <ClInclude Include="..\FLIF\src\image\image.hpp">
      <Filter>image</Filter>
    </ClInclude>
    <ClInclude Include="..\FLIF\src\image\image-metadata.hpp">
      <Filter>image</Filter>
    </ClInclude>
    <ClInclude Include="..\FLIF\src\image\image-pam.hpp">
      <Filter>image</Filter>
    </ClInclude>
    <ClInclude Include="..\FLIF\src\image\image-png.hpp">
      <Filter>image</Filter>
    </ClInclude>
    <ClInclude Include="..\FLIF\src\image\image-png-metadata.hpp">
      <Filter>image</Filter>
    </ClInclude>
    <ClInclude Include="..\FLIF\src\image\image-pnm.hpp">
      <Filter>image</Filter>
    </ClInclude>
    <ClInclude Include="..\FLIF\src\image\image-rggb.hpp">
      <Filter>image</Filter>
    </ClInclude>
    <ClInclude Include="..\FLIF\src\image\color_range.hpp">
      <Filter>image</Filter>
    </ClInclude>
    <ClInclude Include="..\FLIF\src\image\crc32k.hpp">
      <Filter>image</Filter>
    </ClInclude>
    <ClInclude Include="..\FLIF\src\library\flif_enc.h">
      <Filter>library</Filter>
    </ClInclude>
    <ClInclude Include="..\FLIF\src\library\flif-interface-private.hpp">
      <Filter>library</Filter>
    </ClInclude>
    <ClInclude Include="..\FLIF\src\library\flif-interface-private_common.hpp">
      <Filter>library</Filter>
    </ClInclude>
    <ClInclude Include="..\FLIF\src\library\flif-interface-private_dec.hpp">
      <Filter>library</Filter>
    </ClInclude>
    <ClInclude Include="..\FLIF\src\library\flif-interface-private_enc.hpp">
      <Filter>library</Filter>
    </ClInclude>
    <ClInclude Include="..\FLIF\src\library\flif.h">
      <Filter>library</Filter>
    </ClInclude>
    <ClInclude Include="..\FLIF\src\library\flif_common.h">
      <Filter>library</Filter>
    </ClInclude>
    <ClInclude Include="..\FLIF\src\library\flif_dec.h">
      <Filter>library</Filter>
    </ClInclude>
    <ClInclude Include="..\FLIF\extern\lodepng.h">
      <Filter>extern</Filter>
    </ClInclude>
    <ClInclude Include="..\FLIF\extern\stb_image.h">
      <Filter>extern</Filter>
    </ClInclude>
    <ClInclude Include="..\FLIF\extern\stb_image_write.h">
      <Filter>extern</Filter>
    </ClInclude>
  </ItemGroup>
  <ItemGroup>
    <ClCompile Include="..\FLIF\src\flif-dec.cpp" />
    <ClCompile Include="..\FLIF\src\flif-enc.cpp" />
    <ClCompile Include="..\FLIF\src\io.cpp" />
    <ClCompile Include="..\FLIF\src\common.cpp" />
    <ClCompile Include="..\FLIF\src\transform\factory.cpp">
      <Filter>transform</Filter>
    </ClCompile>
    <ClCompile Include="..\FLIF\src\maniac\symbol.cpp">
      <Filter>maniac</Filter>
    </ClCompile>
    <ClCompile Include="..\FLIF\src\maniac\bit.cpp">
      <Filter>maniac</Filter>
    </ClCompile>
    <ClCompile Include="..\FLIF\src\maniac\chance.cpp">
      <Filter>maniac</Filter>
    </ClCompile>
    <ClCompile Include="..\FLIF\src\image\image.cpp">
      <Filter>image</Filter>
    </ClCompile>
    <ClCompile Include="..\FLIF\src\image\image-metadata.cpp">
      <Filter>image</Filter>
    </ClCompile>
    <ClCompile Include="..\FLIF\src\image\image-pam.cpp">
      <Filter>image</Filter>
    </ClCompile>
    <ClCompile Include="..\FLIF\src\image\image-png.cpp">
      <Filter>image</Filter>
    </ClCompile>
    <ClCompile Include="..\FLIF\src\image\image-pnm.cpp">
      <Filter>image</Filter>
    </ClCompile>
    <ClCompile Include="..\FLIF\src\image\image-rggb.cpp">
      <Filter>image</Filter>
    </ClCompile>
    <ClCompile Include="..\FLIF\src\image\color_range.cpp">
      <Filter>image</Filter>
    </ClCompile>
    <ClCompile Include="..\FLIF\src\image\crc32k.cpp">
      <Filter>image</Filter>
    </ClCompile>
    <ClCompile Include="..\FLIF\src\library\flif-interface_dec.cpp">
      <Filter>library</Filter>
    </ClCompile>
    <ClCompile Include="..\FLIF\src\library\flif-interface_enc.cpp">
      <Filter>library</Filter>
    </ClCompile>
    <ClCompile Include="..\FLIF\src\library\flif-interface.cpp">
      <Filter>library</Filter>
    </ClCompile>
    <ClCompile Include="..\FLIF\src\library\flif-interface_common.cpp">
      <Filter>library</Filter>
    </ClCompile>
    <ClCompile Include="..\FLIF\extern\lodepng.cpp">
      <Filter>extern</Filter>
    </ClCompile>
  </ItemGroup>
</Project>